
Microsoft Visual Studio Solution File, Format Version 12.00
# Visual Studio 15
VisualStudioVersion = 15.0.27004.2002
MinimumVisualStudioVersion = 10.0.40219.1
Project("{FAE04EC0-301F-11D3-BF4B-00C04F79EFBC}") = "DerivativeCalculator", "DerivativeCalculator\DerivativeCalculator.csproj", "{EA12A07D-21CA-479C-8298-3393843C0E08}"
EndProject
Project("{FAE04EC0-301F-11D3-BF4B-00C04F79EFBC}") = "TestDerivativeCalculator", "TestDerivativeCalculator\TestDerivativeCalculator.csproj", "{6723D44A-138A-49A0-BE22-DF35CE92C4EA}"
EndProject
Global
	GlobalSection(SolutionConfigurationPlatforms) = preSolution
		Debug|Any CPU = Debug|Any CPU
		Release|Any CPU = Release|Any CPU
	EndGlobalSection
	GlobalSection(ProjectConfigurationPlatforms) = postSolution
		{EA12A07D-21CA-479C-8298-3393843C0E08}.Debug|Any CPU.ActiveCfg = Debug|Any CPU
		{EA12A07D-21CA-479C-8298-3393843C0E08}.Debug|Any CPU.Build.0 = Debug|Any CPU
		{EA12A07D-21CA-479C-8298-3393843C0E08}.Release|Any CPU.ActiveCfg = Release|Any CPU
		{EA12A07D-21CA-479C-8298-3393843C0E08}.Release|Any CPU.Build.0 = Release|Any CPU
		{6723D44A-138A-49A0-BE22-DF35CE92C4EA}.Debug|Any CPU.ActiveCfg = Debug|Any CPU
		{6723D44A-138A-49A0-BE22-DF35CE92C4EA}.Debug|Any CPU.Build.0 = Debug|Any CPU
		{6723D44A-138A-49A0-BE22-DF35CE92C4EA}.Release|Any CPU.ActiveCfg = Release|Any CPU
		{6723D44A-138A-49A0-BE22-DF35CE92C4EA}.Release|Any CPU.Build.0 = Release|Any CPU
	EndGlobalSection
	GlobalSection(SolutionProperties) = preSolution
		HideSolutionNode = FALSE
	EndGlobalSection
	GlobalSection(ExtensibilityGlobals) = postSolution
		SolutionGuid = {B54E5B63-78A3-40D5-A7FA-978A85CC463F}
	EndGlobalSection
EndGlobal
